<Solution>
  <Folder Name="/.github/" />
  <Folder Name="/.github/workflows/">
    <File Path="ci.yml" />
  </Folder>
  <Project Path="ColorTexturizer.Api/ColorTexturizer.Api.csproj" Id="a278f8f5-9c1e-4038-af39-5d172da7deb8" />
  <Project Path="ColorTexturizer.Core/ColorTexturizer.Core.csproj" Id="9ff83966-b225-40fe-ae7d-cde4cb3f57d8" />
  <Project Path="ColorTexturizer/ColorTexturizer.Wpf.csproj" />
</Solution>
